
Microsoft Visual Studio Solution File, Format Version 12.00
Project("{FAE04EC0-301F-11D3-BF4B-00C04F79EFBC}") = "P01ShootingRange", "P01ShootingRange\P01ShootingRange.csproj", "{69504A4F-7F93-443A-900E-8537B8BF9A91}"
EndProject
Project("{FAE04EC0-301F-11D3-BF4B-00C04F79EFBC}") = "P02TravellingPoliceman", "P02TravellingPoliceman\P02TravellingPoliceman.csproj", "{3BA82F27-D301-45BF-B705-1B2011120AC4}"
EndProject
Project("{FAE04EC0-301F-11D3-BF4B-00C04F79EFBC}") = "P03TourDeSofia", "P03TourDeSofia\P03TourDeSofia.csproj", "{DF2C5B25-F6D4-4E03-A251-06B9C487533B}"
EndProject
Project("{FAE04EC0-301F-11D3-BF4B-00C04F79EFBC}") = "P04ChainLightning", "P04ChainLightning\P04ChainLightning.csproj", "{E6D1311F-1FAF-4ACA-A57E-3D1619874530}"
EndProject
Project("{FAE04EC0-301F-11D3-BF4B-00C04F79EFBC}") = "P04ChainLightningMST", "P04ChainLightningMST\P04ChainLightningMST.csproj", "{D4578383-E532-4DDD-8E10-BF30F492DD53}"
EndProject
Global
	GlobalSection(SolutionConfigurationPlatforms) = preSolution
		Debug|Any CPU = Debug|Any CPU
		Release|Any CPU = Release|Any CPU
	EndGlobalSection
	GlobalSection(ProjectConfigurationPlatforms) = postSolution
		{69504A4F-7F93-443A-900E-8537B8BF9A91}.Debug|Any CPU.ActiveCfg = Debug|Any CPU
		{69504A4F-7F93-443A-900E-8537B8BF9A91}.Debug|Any CPU.Build.0 = Debug|Any CPU
		{69504A4F-7F93-443A-900E-8537B8BF9A91}.Release|Any CPU.ActiveCfg = Release|Any CPU
		{69504A4F-7F93-443A-900E-8537B8BF9A91}.Release|Any CPU.Build.0 = Release|Any CPU
		{3BA82F27-D301-45BF-B705-1B2011120AC4}.Debug|Any CPU.ActiveCfg = Debug|Any CPU
		{3BA82F27-D301-45BF-B705-1B2011120AC4}.Debug|Any CPU.Build.0 = Debug|Any CPU
		{3BA82F27-D301-45BF-B705-1B2011120AC4}.Release|Any CPU.ActiveCfg = Release|Any CPU
		{3BA82F27-D301-45BF-B705-1B2011120AC4}.Release|Any CPU.Build.0 = Release|Any CPU
		{DF2C5B25-F6D4-4E03-A251-06B9C487533B}.Debug|Any CPU.ActiveCfg = Debug|Any CPU
		{DF2C5B25-F6D4-4E03-A251-06B9C487533B}.Debug|Any CPU.Build.0 = Debug|Any CPU
		{DF2C5B25-F6D4-4E03-A251-06B9C487533B}.Release|Any CPU.ActiveCfg = Release|Any CPU
		{DF2C5B25-F6D4-4E03-A251-06B9C487533B}.Release|Any CPU.Build.0 = Release|Any CPU
		{E6D1311F-1FAF-4ACA-A57E-3D1619874530}.Debug|Any CPU.ActiveCfg = Debug|Any CPU
		{E6D1311F-1FAF-4ACA-A57E-3D1619874530}.Debug|Any CPU.Build.0 = Debug|Any CPU
		{E6D1311F-1FAF-4ACA-A57E-3D1619874530}.Release|Any CPU.ActiveCfg = Release|Any CPU
		{E6D1311F-1FAF-4ACA-A57E-3D1619874530}.Release|Any CPU.Build.0 = Release|Any CPU
		{D4578383-E532-4DDD-8E10-BF30F492DD53}.Debug|Any CPU.ActiveCfg = Debug|Any CPU
		{D4578383-E532-4DDD-8E10-BF30F492DD53}.Debug|Any CPU.Build.0 = Debug|Any CPU
		{D4578383-E532-4DDD-8E10-BF30F492DD53}.Release|Any CPU.ActiveCfg = Release|Any CPU
		{D4578383-E532-4DDD-8E10-BF30F492DD53}.Release|Any CPU.Build.0 = Release|Any CPU
	EndGlobalSection
EndGlobal
