
Microsoft Visual Studio Solution File, Format Version 12.00
Project("{FAE04EC0-301F-11D3-BF4B-00C04F79EFBC}") = "LabIP01Elections", "LabIP01Elections\LabIP01Elections.csproj", "{4F1411FA-D31D-41F5-919B-EC23B6E8DD43}"
EndProject
Project("{FAE04EC0-301F-11D3-BF4B-00C04F79EFBC}") = "LabIP02SumTo13", "LabIP02SumTo13\LabIP02SumTo13.csproj", "{B917AD92-344D-4E82-B7D5-2E892A903947}"
EndProject
Project("{FAE04EC0-301F-11D3-BF4B-00C04F79EFBC}") = "LabIP03Lumber", "LabIP03Lumber\LabIP03Lumber.csproj", "{A968A9E6-16EF-40D6-BDC2-38A1FAF43EBC}"
EndProject
Project("{FAE04EC0-301F-11D3-BF4B-00C04F79EFBC}") = "ExerIP01ParkingZones", "ExerIP01ParkingZones\ExerIP01ParkingZones.csproj", "{D4A1EB67-6641-44B5-AF99-729036E6DEC1}"
EndProject
Project("{FAE04EC0-301F-11D3-BF4B-00C04F79EFBC}") = "ExerIP02Parentheses", "ExerIP02Parentheses\ExerIP02Parentheses.csproj", "{F8214D90-C456-4DBB-812A-00F13AC91FB6}"
EndProject
Project("{FAE04EC0-301F-11D3-BF4B-00C04F79EFBC}") = "ExerIP03Towns", "ExerIP03Towns\ExerIP03Towns.csproj", "{832EC783-4AC7-4D12-AD83-B3C2DEDA77ED}"
EndProject
Project("{FAE04EC0-301F-11D3-BF4B-00C04F79EFBC}") = "ExerIP04ShopKeeper", "ExerIP04ShopKeeper\ExerIP04ShopKeeper.csproj", "{BBFB2317-237E-4FEB-BE9B-1C25A43799D5}"
EndProject
Project("{FAE04EC0-301F-11D3-BF4B-00C04F79EFBC}") = "LabIIP01StarsInTheCube", "LabIIP01StarsInTheCube\LabIIP01StarsInTheCube.csproj", "{343816B9-5887-45C7-888F-4A2479302381}"
EndProject
Project("{FAE04EC0-301F-11D3-BF4B-00C04F79EFBC}") = "LabIIP02Guitar", "LabIIP02Guitar\LabIIP02Guitar.csproj", "{C7282BAC-4C89-47DA-96FC-8CA0DB61038D}"
EndProject
Project("{FAE04EC0-301F-11D3-BF4B-00C04F79EFBC}") = "LabIIP03ShortestPath", "LabIIP03ShortestPath\LabIIP03ShortestPath.csproj", "{2C83D149-26EE-46B1-BE6C-810E67AD9A9A}"
EndProject
Global
	GlobalSection(SolutionConfigurationPlatforms) = preSolution
		Debug|Any CPU = Debug|Any CPU
		Release|Any CPU = Release|Any CPU
	EndGlobalSection
	GlobalSection(ProjectConfigurationPlatforms) = postSolution
		{4F1411FA-D31D-41F5-919B-EC23B6E8DD43}.Debug|Any CPU.ActiveCfg = Debug|Any CPU
		{4F1411FA-D31D-41F5-919B-EC23B6E8DD43}.Debug|Any CPU.Build.0 = Debug|Any CPU
		{4F1411FA-D31D-41F5-919B-EC23B6E8DD43}.Release|Any CPU.ActiveCfg = Release|Any CPU
		{4F1411FA-D31D-41F5-919B-EC23B6E8DD43}.Release|Any CPU.Build.0 = Release|Any CPU
		{B917AD92-344D-4E82-B7D5-2E892A903947}.Debug|Any CPU.ActiveCfg = Debug|Any CPU
		{B917AD92-344D-4E82-B7D5-2E892A903947}.Debug|Any CPU.Build.0 = Debug|Any CPU
		{B917AD92-344D-4E82-B7D5-2E892A903947}.Release|Any CPU.ActiveCfg = Release|Any CPU
		{B917AD92-344D-4E82-B7D5-2E892A903947}.Release|Any CPU.Build.0 = Release|Any CPU
		{A968A9E6-16EF-40D6-BDC2-38A1FAF43EBC}.Debug|Any CPU.ActiveCfg = Debug|Any CPU
		{A968A9E6-16EF-40D6-BDC2-38A1FAF43EBC}.Debug|Any CPU.Build.0 = Debug|Any CPU
		{A968A9E6-16EF-40D6-BDC2-38A1FAF43EBC}.Release|Any CPU.ActiveCfg = Release|Any CPU
		{A968A9E6-16EF-40D6-BDC2-38A1FAF43EBC}.Release|Any CPU.Build.0 = Release|Any CPU
		{D4A1EB67-6641-44B5-AF99-729036E6DEC1}.Debug|Any CPU.ActiveCfg = Debug|Any CPU
		{D4A1EB67-6641-44B5-AF99-729036E6DEC1}.Debug|Any CPU.Build.0 = Debug|Any CPU
		{D4A1EB67-6641-44B5-AF99-729036E6DEC1}.Release|Any CPU.ActiveCfg = Release|Any CPU
		{D4A1EB67-6641-44B5-AF99-729036E6DEC1}.Release|Any CPU.Build.0 = Release|Any CPU
		{F8214D90-C456-4DBB-812A-00F13AC91FB6}.Debug|Any CPU.ActiveCfg = Debug|Any CPU
		{F8214D90-C456-4DBB-812A-00F13AC91FB6}.Debug|Any CPU.Build.0 = Debug|Any CPU
		{F8214D90-C456-4DBB-812A-00F13AC91FB6}.Release|Any CPU.ActiveCfg = Release|Any CPU
		{F8214D90-C456-4DBB-812A-00F13AC91FB6}.Release|Any CPU.Build.0 = Release|Any CPU
		{832EC783-4AC7-4D12-AD83-B3C2DEDA77ED}.Debug|Any CPU.ActiveCfg = Debug|Any CPU
		{832EC783-4AC7-4D12-AD83-B3C2DEDA77ED}.Debug|Any CPU.Build.0 = Debug|Any CPU
		{832EC783-4AC7-4D12-AD83-B3C2DEDA77ED}.Release|Any CPU.ActiveCfg = Release|Any CPU
		{832EC783-4AC7-4D12-AD83-B3C2DEDA77ED}.Release|Any CPU.Build.0 = Release|Any CPU
		{BBFB2317-237E-4FEB-BE9B-1C25A43799D5}.Debug|Any CPU.ActiveCfg = Debug|Any CPU
		{BBFB2317-237E-4FEB-BE9B-1C25A43799D5}.Debug|Any CPU.Build.0 = Debug|Any CPU
		{BBFB2317-237E-4FEB-BE9B-1C25A43799D5}.Release|Any CPU.ActiveCfg = Release|Any CPU
		{BBFB2317-237E-4FEB-BE9B-1C25A43799D5}.Release|Any CPU.Build.0 = Release|Any CPU
		{343816B9-5887-45C7-888F-4A2479302381}.Debug|Any CPU.ActiveCfg = Debug|Any CPU
		{343816B9-5887-45C7-888F-4A2479302381}.Debug|Any CPU.Build.0 = Debug|Any CPU
		{343816B9-5887-45C7-888F-4A2479302381}.Release|Any CPU.ActiveCfg = Release|Any CPU
		{343816B9-5887-45C7-888F-4A2479302381}.Release|Any CPU.Build.0 = Release|Any CPU
		{C7282BAC-4C89-47DA-96FC-8CA0DB61038D}.Debug|Any CPU.ActiveCfg = Debug|Any CPU
		{C7282BAC-4C89-47DA-96FC-8CA0DB61038D}.Debug|Any CPU.Build.0 = Debug|Any CPU
		{C7282BAC-4C89-47DA-96FC-8CA0DB61038D}.Release|Any CPU.ActiveCfg = Release|Any CPU
		{C7282BAC-4C89-47DA-96FC-8CA0DB61038D}.Release|Any CPU.Build.0 = Release|Any CPU
		{2C83D149-26EE-46B1-BE6C-810E67AD9A9A}.Debug|Any CPU.ActiveCfg = Debug|Any CPU
		{2C83D149-26EE-46B1-BE6C-810E67AD9A9A}.Debug|Any CPU.Build.0 = Debug|Any CPU
		{2C83D149-26EE-46B1-BE6C-810E67AD9A9A}.Release|Any CPU.ActiveCfg = Release|Any CPU
		{2C83D149-26EE-46B1-BE6C-810E67AD9A9A}.Release|Any CPU.Build.0 = Release|Any CPU
	EndGlobalSection
EndGlobal
