
Microsoft Visual Studio Solution File, Format Version 12.00
Project("{FAE04EC0-301F-11D3-BF4B-00C04F79EFBC}") = "P01DistanceBetweenVertices", "P01DistanceBetweenVertices\P01DistanceBetweenVertices.csproj", "{020380FF-861F-4BC7-B753-A630CACDEEE9}"
EndProject
Global
	GlobalSection(SolutionConfigurationPlatforms) = preSolution
		Debug|Any CPU = Debug|Any CPU
		Release|Any CPU = Release|Any CPU
	EndGlobalSection
	GlobalSection(ProjectConfigurationPlatforms) = postSolution
		{020380FF-861F-4BC7-B753-A630CACDEEE9}.Debug|Any CPU.ActiveCfg = Debug|Any CPU
		{020380FF-861F-4BC7-B753-A630CACDEEE9}.Debug|Any CPU.Build.0 = Debug|Any CPU
		{020380FF-861F-4BC7-B753-A630CACDEEE9}.Release|Any CPU.ActiveCfg = Release|Any CPU
		{020380FF-861F-4BC7-B753-A630CACDEEE9}.Release|Any CPU.Build.0 = Release|Any CPU
	EndGlobalSection
EndGlobal
